{
  "name": "durion",
  "lockfileVersion": 3,
  "requires": true,
  "packages": {
    "": {
      "dependencies": {
        "output": "^0.0.0"
      }
    },
    "node_modules/output": {
      "version": "0.0.0",
      "resolved": "https://registry.npmjs.org/output/-/output-0.0.0.tgz",
      "integrity": "sha512-CYFwTmEYHFP4xIxavT96bp+eStzUSYghJcqs9XsT05m3WZ5Gce088IqRoFFoHrIBRJLaC5qcQPI2pX9pqRn6Bg==",
      "license": "BSD-2-Clause"
    }
  }
}
